
Microsoft Visual Studio Solution File, Format Version 12.00
# Visual Studio Version 17
VisualStudioVersion = 17.9.34728.123
MinimumVisualStudioVersion = 10.0.40219.1
Project("{FAE04EC0-301F-11D3-BF4B-00C04F79EFBC}") = "MedistockAppCore", "MedistockAppCore.csproj", "{48A765E0-DB64-4A3D-9BD2-6FD4CC8A5C09}"
EndProject
Global
	GlobalSection(SolutionConfigurationPlatforms) = preSolution
		Debug|Any CPU = Debug|Any CPU
		Release|Any CPU = Release|Any CPU
	EndGlobalSection
	GlobalSection(ProjectConfigurationPlatforms) = postSolution
		{48A765E0-DB64-4A3D-9BD2-6FD4CC8A5C09}.Debug|Any CPU.ActiveCfg = Debug|Any CPU
		{48A765E0-DB64-4A3D-9BD2-6FD4CC8A5C09}.Debug|Any CPU.Build.0 = Debug|Any CPU
		{48A765E0-DB64-4A3D-9BD2-6FD4CC8A5C09}.Release|Any CPU.ActiveCfg = Release|Any CPU
		{48A765E0-DB64-4A3D-9BD2-6FD4CC8A5C09}.Release|Any CPU.Build.0 = Release|Any CPU
	EndGlobalSection
	GlobalSection(SolutionProperties) = preSolution
		HideSolutionNode = FALSE
	EndGlobalSection
	GlobalSection(ExtensibilityGlobals) = postSolution
		SolutionGuid = {892DE1DE-5D09-4ED1-A7AB-A7242F3DB6C3}
	EndGlobalSection
EndGlobal
